{
  "name": "tymewear_strava_integration",
  "lockfileVersion": 3,
  "requires": true,
  "packages": {
    "": {
      "dependencies": {
        "@garmin/fitsdk": "^21.178.0"
      }
    },
    "node_modules/@garmin/fitsdk": {
      "version": "21.178.0",
      "resolved": "https://registry.npmjs.org/@garmin/fitsdk/-/fitsdk-21.178.0.tgz",
      "integrity": "sha512-FK+gWvGbWiLg683IosRwLuv56eXD5b2QE7AwT7h6II5Ck7qRlwGbYCw0C6dVyJCZ5LDdhk5CbhiZ2zHGi6jjAw==",
      "license": "SEE LICENSE IN LICENSE.txt"
    }
  }
}
